
Microsoft Visual Studio Solution File, Format Version 12.00
# Visual Studio Version 17
VisualStudioVersion = 17.0.32014.148
MinimumVisualStudioVersion = 10.0.40219.1
Project("{9A19103F-16F7-4668-BE54-9A1E7A4F7556}") = "BlogToHtml", "BlogToHtml\BlogToHtml.csproj", "{9D9EB5FE-3505-48D8-B41C-E3E8EF0D143A}"
EndProject
Project("{2150E333-8FDC-42A3-9474-1A3956D46DE8}") = "Solution Items", "Solution Items", "{BA54A3EA-217E-4DE4-B6EE-79594CC18A19}"
	ProjectSection(SolutionItems) = preProject
		azure-pipelines.yml = azure-pipelines.yml
	EndProjectSection
EndProject
Project("{FAE04EC0-301F-11D3-BF4B-00C04F79EFBC}") = "BlogToHtml.UnitTests", "BlogToHtml.UnitTests\BlogToHtml.UnitTests.csproj", "{D45DFBEC-D4C5-4C58-A413-9BA65C1D7477}"
EndProject
Global
	GlobalSection(SolutionConfigurationPlatforms) = preSolution
		Debug|Any CPU = Debug|Any CPU
		Release|Any CPU = Release|Any CPU
	EndGlobalSection
	GlobalSection(ProjectConfigurationPlatforms) = postSolution
		{9D9EB5FE-3505-48D8-B41C-E3E8EF0D143A}.Debug|Any CPU.ActiveCfg = Debug|Any CPU
		{9D9EB5FE-3505-48D8-B41C-E3E8EF0D143A}.Debug|Any CPU.Build.0 = Debug|Any CPU
		{9D9EB5FE-3505-48D8-B41C-E3E8EF0D143A}.Release|Any CPU.ActiveCfg = Release|Any CPU
		{9D9EB5FE-3505-48D8-B41C-E3E8EF0D143A}.Release|Any CPU.Build.0 = Release|Any CPU
		{D45DFBEC-D4C5-4C58-A413-9BA65C1D7477}.Debug|Any CPU.ActiveCfg = Debug|Any CPU
		{D45DFBEC-D4C5-4C58-A413-9BA65C1D7477}.Debug|Any CPU.Build.0 = Debug|Any CPU
		{D45DFBEC-D4C5-4C58-A413-9BA65C1D7477}.Release|Any CPU.ActiveCfg = Release|Any CPU
		{D45DFBEC-D4C5-4C58-A413-9BA65C1D7477}.Release|Any CPU.Build.0 = Release|Any CPU
	EndGlobalSection
	GlobalSection(SolutionProperties) = preSolution
		HideSolutionNode = FALSE
	EndGlobalSection
	GlobalSection(ExtensibilityGlobals) = postSolution
		SolutionGuid = {96B2C7C4-194F-4F0F-B684-D447EE3600A7}
	EndGlobalSection
EndGlobal
